
Microsoft Visual Studio Solution File, Format Version 12.00
# Visual Studio Version 17
VisualStudioVersion = 17.3.32811.315
MinimumVisualStudioVersion = 10.0.40219.1
Project("{FAE04EC0-301F-11D3-BF4B-00C04F79EFBC}") = "DorjeDB", "DorjeDB.csproj", "{B70AD512-EEE2-4730-BDAB-847B525C8EEF}"
EndProject
Global
	GlobalSection(SolutionConfigurationPlatforms) = preSolution
		Debug|Any CPU = Debug|Any CPU
		Release|Any CPU = Release|Any CPU
	EndGlobalSection
	GlobalSection(ProjectConfigurationPlatforms) = postSolution
		{B70AD512-EEE2-4730-BDAB-847B525C8EEF}.Debug|Any CPU.ActiveCfg = Debug|Any CPU
		{B70AD512-EEE2-4730-BDAB-847B525C8EEF}.Debug|Any CPU.Build.0 = Debug|Any CPU
		{B70AD512-EEE2-4730-BDAB-847B525C8EEF}.Release|Any CPU.ActiveCfg = Release|Any CPU
		{B70AD512-EEE2-4730-BDAB-847B525C8EEF}.Release|Any CPU.Build.0 = Release|Any CPU
	EndGlobalSection
	GlobalSection(SolutionProperties) = preSolution
		HideSolutionNode = FALSE
	EndGlobalSection
	GlobalSection(ExtensibilityGlobals) = postSolution
		SolutionGuid = {0AD78632-D394-4B86-9C8A-CD4A9B5A253E}
	EndGlobalSection
EndGlobal
